
Microsoft Visual Studio Solution File, Format Version 12.00
# Visual Studio Version 17
VisualStudioVersion = 17.14.36616.10
MinimumVisualStudioVersion = 10.0.40219.1
Project("{FAE04EC0-301F-11D3-BF4B-00C04F79EFBC}") = "ServiceManagement.API", "ServiceManagement.API.csproj", "{92BA6C31-33D1-77D8-D50B-CE8E9FBC9ECF}"
EndProject
Project("{FAE04EC0-301F-11D3-BF4B-00C04F79EFBC}") = "TestProject", "..\TestProject\TestProject.csproj", "{AFE8250A-A312-49C9-A06B-3B93333F0214}"
EndProject
Global
	GlobalSection(SolutionConfigurationPlatforms) = preSolution
		Debug|Any CPU = Debug|Any CPU
		Release|Any CPU = Release|Any CPU
	EndGlobalSection
	GlobalSection(ProjectConfigurationPlatforms) = postSolution
		{92BA6C31-33D1-77D8-D50B-CE8E9FBC9ECF}.Debug|Any CPU.ActiveCfg = Debug|Any CPU
		{92BA6C31-33D1-77D8-D50B-CE8E9FBC9ECF}.Debug|Any CPU.Build.0 = Debug|Any CPU
		{92BA6C31-33D1-77D8-D50B-CE8E9FBC9ECF}.Release|Any CPU.ActiveCfg = Release|Any CPU
		{92BA6C31-33D1-77D8-D50B-CE8E9FBC9ECF}.Release|Any CPU.Build.0 = Release|Any CPU
		{AFE8250A-A312-49C9-A06B-3B93333F0214}.Debug|Any CPU.ActiveCfg = Debug|Any CPU
		{AFE8250A-A312-49C9-A06B-3B93333F0214}.Debug|Any CPU.Build.0 = Debug|Any CPU
		{AFE8250A-A312-49C9-A06B-3B93333F0214}.Release|Any CPU.ActiveCfg = Release|Any CPU
		{AFE8250A-A312-49C9-A06B-3B93333F0214}.Release|Any CPU.Build.0 = Release|Any CPU
	EndGlobalSection
	GlobalSection(SolutionProperties) = preSolution
		HideSolutionNode = FALSE
	EndGlobalSection
	GlobalSection(ExtensibilityGlobals) = postSolution
		SolutionGuid = {150C3B7B-5B0E-4FB2-B857-4FE4D0B43CFF}
	EndGlobalSection
EndGlobal
